<?xml version="1.0" encoding="utf-8"?>
<Project ToolsVersion="4.0" xmlns="http://schemas.microsoft.com/developer/msbuild/2003">
  <ItemGroup>
    <Filter Include="Source Files">
      <UniqueIdentifier>{4FC737F1-C7A5-4376-A066-2A32D752A2FF}</UniqueIdentifier>
      <Extensions>cpp;c;cxx;def;odl;idl;hpj;bat;asm;asmx</Extensions>
    </Filter>
    <Filter Include="Source Files\lib">
      <UniqueIdentifier>{cf6e517a-22b2-4f39-828f-c65c41283ebf}</UniqueIdentifier>
    </Filter>
    <Filter Include="Resource Files">
      <UniqueIdentifier>{67DA6AB6-F800-4c08-8B7A-83BB121AAD01}</UniqueIdentifier>
      <Extensions>rc;ico;cur;bmp;dlg;rc2;rct;bin;rgs;gif;jpg;jpeg;jpe;resx</Extensions>
    </Filter>
    <Filter Include="Header Files">
      <UniqueIdentifier>{93995380-89BD-4b04-88EB-625FBE52EBFB}</UniqueIdentifier>
      <Extensions>h;hpp;hxx;hm;inl;inc;xsd</Extensions>
    </Filter>
    <Filter Include="Header Files\lib">
      <UniqueIdentifier>{49bdc859-9caa-42e2-84e4-0b4c95c8590e}</UniqueIdentifier>
    </Filter>
  </ItemGroup>
  <ItemGroup>
    <ClCompile Include="a2server_utils.cpp">
      <Filter>Source Files</Filter>
    </ClCompile>
    <ClCompile Include="antiinvis.cpp">
      <Filter>Source Files</Filter>
    </ClCompile>
    <ClCompile Include="asm_unit_info.cpp">
      <Filter>Source Files</Filter>
    </ClCompile>
    <ClCompile Include="bugs.cpp">
      <Filter>Source Files</Filter>
    </ClCompile>
    <ClCompile Include="charcheck.cpp">
      <Filter>Source Files</Filter>
    </ClCompile>
    <ClCompile Include="cheat_codes.cpp">
      <Filter>Source Files</Filter>
    </ClCompile>
    <ClCompile Include="cheat_codes_new.cpp">
      <Filter>Source Files</Filter>
    </ClCompile>
    <ClCompile Include="common_new.cpp">
      <Filter>Source Files</Filter>
    </ClCompile>
    <ClCompile Include="config_new.cpp">
      <Filter>Source Files</Filter>
    </ClCompile>
    <ClCompile Include="crash_filter.cpp">
      <Filter>Source Files</Filter>
    </ClCompile>
    <ClCompile Include="crash_fixes.cpp">
      <Filter>Source Files</Filter>
    </ClCompile>
    <ClCompile Include="crashes_new.cpp">
      <Filter>Source Files</Filter>
    </ClCompile>
    <ClCompile Include="CRC_32.cpp">
      <Filter>Source Files</Filter>
    </ClCompile>
    <ClCompile Include="ctl_handle.cpp">
      <Filter>Source Files</Filter>
    </ClCompile>
    <ClCompile Include="File.cpp">
      <Filter>Source Files</Filter>
    </ClCompile>
    <ClCompile Include="forbidden_items.cpp">
      <Filter>Source Files</Filter>
    </ClCompile>
    <ClCompile Include="itemex.cpp">
      <Filter>Source Files</Filter>
    </ClCompile>
    <ClCompile Include="pktmgr.cpp">
      <Filter>Source Files</Filter>
    </ClCompile>
    <ClCompile Include="player_info.cpp">
      <Filter>Source Files</Filter>
    </ClCompile>
    <ClCompile Include="protolayer_hat.cpp">
      <Filter>Source Files</Filter>
    </ClCompile>
    <ClCompile Include="pvm2.cpp">
      <Filter>Source Files</Filter>
    </ClCompile>
    <ClCompile Include="scanrange.cpp">
      <Filter>Source Files</Filter>
    </ClCompile>
    <ClCompile Include="scanrange_check.cpp">
      <Filter>Source Files</Filter>
    </ClCompile>
    <ClCompile Include="shared.cpp">
      <Filter>Source Files</Filter>
    </ClCompile>
    <ClCompile Include="srvmgr.cpp">
      <Filter>Source Files</Filter>
    </ClCompile>
    <ClCompile Include="srvmgr_new.cpp">
      <Filter>Source Files</Filter>
    </ClCompile>
    <ClCompile Include="unit_info.cpp">
      <Filter>Source Files</Filter>
    </ClCompile>
    <ClCompile Include="utils.cpp">
      <Filter>Source Files</Filter>
    </ClCompile>
    <ClCompile Include="zxmgr.cpp">
      <Filter>Source Files</Filter>
    </ClCompile>
    <ClCompile Include="lib\hat2.cpp">
      <Filter>Source Files\lib</Filter>
    </ClCompile>
    <ClCompile Include="lib\packet.cpp">
      <Filter>Source Files\lib</Filter>
    </ClCompile>
    <ClCompile Include="lib\ScanrangeCalc.cpp">
      <Filter>Source Files\lib</Filter>
    </ClCompile>
    <ClCompile Include="lib\serialize.cpp">
      <Filter>Source Files\lib</Filter>
    </ClCompile>
    <ClCompile Include="lib\socket.cpp">
      <Filter>Source Files\lib</Filter>
    </ClCompile>
    <ClCompile Include="lib\utils.cpp">
      <Filter>Source Files\lib</Filter>
    </ClCompile>
    <ClCompile Include="python.cpp">
      <Filter>Source Files</Filter>
    </ClCompile>
    <ClCompile Include="multiplayer_shop.cpp">
      <Filter>Source Files</Filter>
    </ClCompile>
  </ItemGroup>
  <ItemGroup>
    <ClInclude Include="charcheck.h">
      <Filter>Header Files</Filter>
    </ClInclude>
    <ClInclude Include="cheat_codes_new.h">
      <Filter>Header Files</Filter>
    </ClInclude>
    <ClInclude Include="config_new.h">
      <Filter>Header Files</Filter>
    </ClInclude>
    <ClInclude Include="crash_filter.h">
      <Filter>Header Files</Filter>
    </ClInclude>
    <ClInclude Include="CRC_32.h">
      <Filter>Header Files</Filter>
    </ClInclude>
    <ClInclude Include="File.h">
      <Filter>Header Files</Filter>
    </ClInclude>
    <ClInclude Include="forbidden_items.h">
      <Filter>Header Files</Filter>
    </ClInclude>
    <ClInclude Include="itemex.h">
      <Filter>Header Files</Filter>
    </ClInclude>
    <ClInclude Include="pktmgr.h">
      <Filter>Header Files</Filter>
    </ClInclude>
    <ClInclude Include="player_info.h">
      <Filter>Header Files</Filter>
    </ClInclude>
    <ClInclude Include="protolayer_hat.h">
      <Filter>Header Files</Filter>
    </ClInclude>
    <ClInclude Include="pvm2.h">
      <Filter>Header Files</Filter>
    </ClInclude>
    <ClInclude Include="scanrange.h">
      <Filter>Header Files</Filter>
    </ClInclude>
    <ClInclude Include="shared.h">
      <Filter>Header Files</Filter>
    </ClInclude>
    <ClInclude Include="srvmgr.h">
      <Filter>Header Files</Filter>
    </ClInclude>
    <ClInclude Include="srvmgr_new.h">
      <Filter>Header Files</Filter>
    </ClInclude>
    <ClInclude Include="srvmgrdef.h">
      <Filter>Header Files</Filter>
    </ClInclude>
    <ClInclude Include="syslib.h">
      <Filter>Header Files</Filter>
    </ClInclude>
    <ClInclude Include="unit_info.h">
      <Filter>Header Files</Filter>
    </ClInclude>
    <ClInclude Include="zxmgr.h">
      <Filter>Header Files</Filter>
    </ClInclude>
    <ClInclude Include="lib\hat2.hpp">
      <Filter>Header Files\lib</Filter>
    </ClInclude>
    <ClInclude Include="lib\packet.hpp">
      <Filter>Header Files\lib</Filter>
    </ClInclude>
    <ClInclude Include="lib\ScanrangeCalc.hpp">
      <Filter>Header Files\lib</Filter>
    </ClInclude>
    <ClInclude Include="lib\serialize.hpp">
      <Filter>Header Files\lib</Filter>
    </ClInclude>
    <ClInclude Include="lib\socket.hpp">
      <Filter>Header Files\lib</Filter>
    </ClInclude>
    <ClInclude Include="lib\utils.hpp">
      <Filter>Header Files\lib</Filter>
    </ClInclude>
    <ClInclude Include="python.h">
      <Filter>Header Files</Filter>
    </ClInclude>
    <ClInclude Include="multiplayer_shop.h">
      <Filter>Header Files</Filter>
    </ClInclude>
  </ItemGroup>
  <ItemGroup>
    <None Include="postbuild\arena.txt" />
    <None Include="ReadMe.txt" />
    <None Include="postbuild\server.mp" />
    <None Include="postbuild\srvlist.txt" />
    <None Include="postbuild\srvmgr.bat">
      <Filter>Source Files</Filter>
    </None>
    <None Include="srvmgr.def">
      <Filter>Source Files</Filter>
    </None>
  </ItemGroup>
</Project>